
Microsoft Visual Studio Solution File, Format Version 12.00
Project("{FAE04EC0-301F-11D3-BF4B-00C04F79EFBC}") = "MyNoSqlGrpc.Server", "MyNoSqlGrpc.Server\MyNoSqlGrpc.Server.csproj", "{F8630ECD-53B1-4B8B-9378-AB2A667A8220}"
EndProject
Project("{FAE04EC0-301F-11D3-BF4B-00C04F79EFBC}") = "MyNoSqlGrpc.Engine", "MyNoSqlGrpc.Engine\MyNoSqlGrpc.Engine.csproj", "{38876F2D-6A0D-41C3-B3D4-0BA0CF401D93}"
EndProject
Project("{FAE04EC0-301F-11D3-BF4B-00C04F79EFBC}") = "MyNoSqlGrpcServer.GrpcContracts", "MyNoSqlGrpcServer.GrpcContracts\MyNoSqlGrpcServer.GrpcContracts.csproj", "{CF81ACD4-2C5D-46C7-B560-48B546DAA672}"
EndProject
Project("{2150E333-8FDC-42A3-9474-1A3956D46DE8}") = "01.Grpc", "01.Grpc", "{B56EA896-7C77-46CE-8DCC-45E8FBA8C09D}"
EndProject
Project("{FAE04EC0-301F-11D3-BF4B-00C04F79EFBC}") = "MyNoSqlGrpc.Writer", "MyNoSqlGrpc.Writer\MyNoSqlGrpc.Writer.csproj", "{2A4284CC-5FA7-48CE-AD3A-12A3F771BF96}"
EndProject
Project("{FAE04EC0-301F-11D3-BF4B-00C04F79EFBC}") = "MyNoSqlGrpc.Reader", "MyNoSqlGrpc.Reader\MyNoSqlGrpc.Reader.csproj", "{48EEC7AE-5579-4826-8F4D-4B1C56134AB9}"
EndProject
Project("{2150E333-8FDC-42A3-9474-1A3956D46DE8}") = "02.Engine", "02.Engine", "{EF9DB88D-9C08-40D3-B8F1-42E8E22352F2}"
EndProject
Project("{2150E333-8FDC-42A3-9474-1A3956D46DE8}") = "03.Server", "03.Server", "{8C397B27-1759-4FA6-8D57-564444BDAF3B}"
EndProject
Project("{FAE04EC0-301F-11D3-BF4B-00C04F79EFBC}") = "MyNoSqlGrpc.Tests", "MyNoSqlGrpc.Tests\MyNoSqlGrpc.Tests.csproj", "{D2D8F177-9AFF-410B-A4B3-8705FD45A690}"
EndProject
Project("{2150E333-8FDC-42A3-9474-1A3956D46DE8}") = "04.Clients", "04.Clients", "{86F58889-0761-429A-A365-EA24EC39770F}"
EndProject
Global
	GlobalSection(SolutionConfigurationPlatforms) = preSolution
		Debug|Any CPU = Debug|Any CPU
		Release|Any CPU = Release|Any CPU
	EndGlobalSection
	GlobalSection(ProjectConfigurationPlatforms) = postSolution
		{F8630ECD-53B1-4B8B-9378-AB2A667A8220}.Debug|Any CPU.ActiveCfg = Debug|Any CPU
		{F8630ECD-53B1-4B8B-9378-AB2A667A8220}.Debug|Any CPU.Build.0 = Debug|Any CPU
		{F8630ECD-53B1-4B8B-9378-AB2A667A8220}.Release|Any CPU.ActiveCfg = Release|Any CPU
		{F8630ECD-53B1-4B8B-9378-AB2A667A8220}.Release|Any CPU.Build.0 = Release|Any CPU
		{38876F2D-6A0D-41C3-B3D4-0BA0CF401D93}.Debug|Any CPU.ActiveCfg = Debug|Any CPU
		{38876F2D-6A0D-41C3-B3D4-0BA0CF401D93}.Debug|Any CPU.Build.0 = Debug|Any CPU
		{38876F2D-6A0D-41C3-B3D4-0BA0CF401D93}.Release|Any CPU.ActiveCfg = Release|Any CPU
		{38876F2D-6A0D-41C3-B3D4-0BA0CF401D93}.Release|Any CPU.Build.0 = Release|Any CPU
		{CF81ACD4-2C5D-46C7-B560-48B546DAA672}.Debug|Any CPU.ActiveCfg = Debug|Any CPU
		{CF81ACD4-2C5D-46C7-B560-48B546DAA672}.Debug|Any CPU.Build.0 = Debug|Any CPU
		{CF81ACD4-2C5D-46C7-B560-48B546DAA672}.Release|Any CPU.ActiveCfg = Release|Any CPU
		{CF81ACD4-2C5D-46C7-B560-48B546DAA672}.Release|Any CPU.Build.0 = Release|Any CPU
		{2A4284CC-5FA7-48CE-AD3A-12A3F771BF96}.Debug|Any CPU.ActiveCfg = Debug|Any CPU
		{2A4284CC-5FA7-48CE-AD3A-12A3F771BF96}.Debug|Any CPU.Build.0 = Debug|Any CPU
		{2A4284CC-5FA7-48CE-AD3A-12A3F771BF96}.Release|Any CPU.ActiveCfg = Release|Any CPU
		{2A4284CC-5FA7-48CE-AD3A-12A3F771BF96}.Release|Any CPU.Build.0 = Release|Any CPU
		{48EEC7AE-5579-4826-8F4D-4B1C56134AB9}.Debug|Any CPU.ActiveCfg = Debug|Any CPU
		{48EEC7AE-5579-4826-8F4D-4B1C56134AB9}.Debug|Any CPU.Build.0 = Debug|Any CPU
		{48EEC7AE-5579-4826-8F4D-4B1C56134AB9}.Release|Any CPU.ActiveCfg = Release|Any CPU
		{48EEC7AE-5579-4826-8F4D-4B1C56134AB9}.Release|Any CPU.Build.0 = Release|Any CPU
		{D2D8F177-9AFF-410B-A4B3-8705FD45A690}.Debug|Any CPU.ActiveCfg = Debug|Any CPU
		{D2D8F177-9AFF-410B-A4B3-8705FD45A690}.Debug|Any CPU.Build.0 = Debug|Any CPU
		{D2D8F177-9AFF-410B-A4B3-8705FD45A690}.Release|Any CPU.ActiveCfg = Release|Any CPU
		{D2D8F177-9AFF-410B-A4B3-8705FD45A690}.Release|Any CPU.Build.0 = Release|Any CPU
	EndGlobalSection
	GlobalSection(NestedProjects) = preSolution
		{CF81ACD4-2C5D-46C7-B560-48B546DAA672} = {B56EA896-7C77-46CE-8DCC-45E8FBA8C09D}
		{38876F2D-6A0D-41C3-B3D4-0BA0CF401D93} = {EF9DB88D-9C08-40D3-B8F1-42E8E22352F2}
		{F8630ECD-53B1-4B8B-9378-AB2A667A8220} = {8C397B27-1759-4FA6-8D57-564444BDAF3B}
		{48EEC7AE-5579-4826-8F4D-4B1C56134AB9} = {86F58889-0761-429A-A365-EA24EC39770F}
		{2A4284CC-5FA7-48CE-AD3A-12A3F771BF96} = {86F58889-0761-429A-A365-EA24EC39770F}
	EndGlobalSection
EndGlobal
